{
  "version": "2",
  "remote": {
    "https://deno.land/std@0.177.0/async/abortable.ts": "73acfb3ed7261ce0d930dbe89e43db8d34e017b063cf0eaa7d215477bf53442e",
    "https://deno.land/std@0.177.0/async/deadline.ts": "c5facb0b404eede83e38bd2717ea8ab34faa2ffb20ef87fd261fcba32ba307aa",
    "https://deno.land/std@0.177.0/async/debounce.ts": "adab11d04ca38d699444ac8a9d9856b4155e8dda2afd07ce78276c01ea5a4332",
    "https://deno.land/std@0.177.0/async/deferred.ts": "42790112f36a75a57db4a96d33974a936deb7b04d25c6084a9fa8a49f135def8",
    "https://deno.land/std@0.177.0/async/delay.ts": "73aa04cec034c84fc748c7be49bb15cac3dd43a57174bfdb7a4aec22c248f0dd",
    "https://deno.land/std@0.177.0/async/mod.ts": "f04344fa21738e5ad6bea37a6bfffd57c617c2d372bb9f9dcfd118a1b622e576",
    "https://deno.land/std@0.177.0/async/mux_async_iterator.ts": "70c7f2ee4e9466161350473ad61cac0b9f115cff4c552eaa7ef9d50c4cbb4cc9",
    "https://deno.land/std@0.177.0/async/pool.ts": "fd082bd4aaf26445909889435a5c74334c017847842ec035739b4ae637ae8260",
    "https://deno.land/std@0.177.0/async/retry.ts": "5efa3ba450ac0c07a40a82e2df296287b5013755d232049efd7ea2244f15b20f",
    "https://deno.land/std@0.177.0/async/tee.ts": "47e42d35f622650b02234d43803d0383a89eb4387e1b83b5a40106d18ae36757",
    "https://deno.land/std@0.177.0/collections/filter_values.ts": "5b9feaf17b9a6e5ffccdd36cf6f38fa4ffa94cff2602d381c2ad0c2a97929652",
    "https://deno.land/std@0.177.0/collections/without_all.ts": "a89f5da0b5830defed4f59666e188df411d8fece35a5f6ca69be6ca71a95c185",
    "https://deno.land/std@0.177.0/dotenv/load.ts": "0636983549b98f29ab75c9a22a42d9723f0a389ece5498fe971e7bb2556a12e2",
    "https://deno.land/std@0.177.0/dotenv/mod.ts": "8dcbc8a40b896a0bf094582aaeadbfc76d3528872faf2efc0302beb1d2f6afd0",
    "https://deno.land/std@0.177.0/http/server.ts": "cbb17b594651215ba95c01a395700684e569c165a567e4e04bba327f41197433",
    "https://deno.land/x/gesso@v0.1.2/src/AccountCalendars.ts": "c6668a1cd1f8a2428f5a7afa659616eb3c6318ce50fa4e5b6f3bb25c2dd5be97",
    "https://deno.land/x/gesso@v0.1.2/src/AccountDomainLookups.ts": "a59dc39f13577c56760d9dda3275265152204263fb842d43e2594551bf1a0b4c",
    "https://deno.land/x/gesso@v0.1.2/src/AccountNotifications.ts": "daf223d47b4addfd29cf0559a42b17f83b17e47d889d9d09060a072259f29bd4",
    "https://deno.land/x/gesso@v0.1.2/src/AccountReports.ts": "ef89c3e76cd356f34486c9e64919cc5f9c0919f0ef4c9b71483dbf30bc27859f",
    "https://deno.land/x/gesso@v0.1.2/src/Accounts.ts": "00f4a3efb816693e3eb0b2e972ee82b21563ca9e954326fd3efbcbbf3141d09d",
    "https://deno.land/x/gesso@v0.1.2/src/AccountsLTI.ts": "0501afb1074f397e2aa0df59959442c37484bbfadf464d66942cb09d16458dd4",
    "https://deno.land/x/gesso@v0.1.2/src/Admins.ts": "35b00fa63d90616d1cb744e64755f5f03802cabc7c9ad263a4976bdc2ded184c",
    "https://deno.land/x/gesso@v0.1.2/src/Analytics.ts": "3e0db836dfaaa0415677a64560f7a16d20a0ef2a97510981bb6309e31c3b91bc",
    "https://deno.land/x/gesso@v0.1.2/src/AnnouncementExternalFeeds.ts": "b166258eda38c13fc1d25b560c18009ae8d84d64257c21aab6a4b3d396f951e5",
    "https://deno.land/x/gesso@v0.1.2/src/Announcements.ts": "7ff78a8a322d8d7a7d6227221e6a1ecd78545292f42ce6768b49b91a50b19b31",
    "https://deno.land/x/gesso@v0.1.2/src/AppointmentGroups.ts": "a6f4bc5d08b0e27aa66f7394177ce2b53c28b007605f333c7e60a098e3633cb5",
    "https://deno.land/x/gesso@v0.1.2/src/AssignmentExtensions.ts": "55feff02df2f6e83f839986b62d0f056519cd3c7f763e93490d2a002b259a294",
    "https://deno.land/x/gesso@v0.1.2/src/AssignmentGroups.ts": "f646a9514aa3a2618b30a4a7a7f83d4c4a0a9bf21d6c95ec87a360e4d0423031",
    "https://deno.land/x/gesso@v0.1.2/src/Assignments.ts": "e70ba452fbfb7cbccbe4a6c5b812a688c1ebdc661bf8bf6d57954e8a7c64856f",
    "https://deno.land/x/gesso@v0.1.2/src/AuthenticationProviders.ts": "309f2468a66b7e24b34b8e7c9a3834a1372aa7bbc6af1ebdb12438c2e95e409e",
    "https://deno.land/x/gesso@v0.1.2/src/AuthenticationsLog.ts": "d9b1011afc2e7bbc83b1987b6e496fb856018a935487f9aa63f094efbbbf34c8",
    "https://deno.land/x/gesso@v0.1.2/src/BaseApi.ts": "f09c63a547e3029d6b1775c29746866a9af63d380663d9a1b93ccbfe3e294844",
    "https://deno.land/x/gesso@v0.1.2/src/BlackoutDates.ts": "47e5cc5fbb3b50b5dd9f322880050e36593c584d6c0568a3cfa9b66d78582634",
    "https://deno.land/x/gesso@v0.1.2/src/BlueprintCourses.ts": "def0168ba9fa066f33629b2525921f26d67428d8ef4a7fc6bd62ef6b28221534",
    "https://deno.land/x/gesso@v0.1.2/src/Bookmarks.ts": "51aac94c19a49a7930b538925ad6d713ae41ce0c12517d35d2550de6e5c136b6",
    "https://deno.land/x/gesso@v0.1.2/src/BrandConfigs.ts": "234b3e239401f36c70a2fca853fcd27d197196244ae33deb35acb8fc5f29c9e2",
    "https://deno.land/x/gesso@v0.1.2/src/CalendarEvents.ts": "c8539287f7a0fc46b93afe470ea3b6a848b66ca27392414ac50860373f49f2e7",
    "https://deno.land/x/gesso@v0.1.2/src/Collaborations.ts": "ea0afeddd9ff674fe19036c6595f0d9bb9e6c04fc68df3c8820432fcaf0d89b1",
    "https://deno.land/x/gesso@v0.1.2/src/CommMessages.ts": "f1c139e2444282b91c5d59317b87bd25f6fda4b4aafe78a893df595ea378dcf1",
    "https://deno.land/x/gesso@v0.1.2/src/CommunicationChannels.ts": "f8c12a420ef29f52ce8fa47c7a0c4437e26f1bc0cd67ece79d889a0c1b28ae6d",
    "https://deno.land/x/gesso@v0.1.2/src/Conferences.ts": "6aabd8d8da25b0092703c772a16db701e46e252a3a557c59fb733ce67bbbbdff",
    "https://deno.land/x/gesso@v0.1.2/src/Configuration.ts": "437948c0b1e6461287cfa0a3a9d1d04da75efa9aebaf42b651829fa8bb5c3049",
    "https://deno.land/x/gesso@v0.1.2/src/ContentExports.ts": "96867b39cad3ca3d7a06910bf0daec13b9900dfb245cddce542c5d5c1eaa6af1",
    "https://deno.land/x/gesso@v0.1.2/src/ContentMigrations.ts": "aef6efba53889902cbd2587309637cebd5a16d42ec3ccb503ec911b2891f56e0",
    "https://deno.land/x/gesso@v0.1.2/src/ContentSecurityPolicySettings.ts": "7987b617c5e1d2a4132b3e6077b6702382008fbd015dab9e88abb670a6895bc3",
    "https://deno.land/x/gesso@v0.1.2/src/ContentShares.ts": "8c0df26003df855de99453668d67f5d142432812ab397def274d920d5b201103",
    "https://deno.land/x/gesso@v0.1.2/src/Conversations.ts": "a8dccac94965c98a898ab267847e852c46a5f9cbd4a970dd52b61c711235f55c",
    "https://deno.land/x/gesso@v0.1.2/src/CourseAuditlog.ts": "31fd68ccd7d573e118c31c8b7c2f2c6ff0e2283f04c9e62a7ee5472ff02439d4",
    "https://deno.land/x/gesso@v0.1.2/src/CourseQuizExtensions.ts": "97c204b6cc0de308d7b163ee81ebc78ec21b8b524a60b1bbb9f783d2782c35b0",
    "https://deno.land/x/gesso@v0.1.2/src/Courses.ts": "7a6bcbf9b89cecefa449653ef73e7b664903a769b0475a626509457fef4d4d46",
    "https://deno.land/x/gesso@v0.1.2/src/CustomGradebookColumns.ts": "b194928c6295fbd4db520e86bd57e232e3d123b1a8f42d7894bfee30b61f5dee",
    "https://deno.land/x/gesso@v0.1.2/src/DiscussionTopics.ts": "b01f3640e2874e8a9d2be6f766702bb93757dabaca2aaf244d70a5e2c3c2c5c8",
    "https://deno.land/x/gesso@v0.1.2/src/EnrollmentTerms.ts": "5425b8c1f7c068025496aff658d380f0e1441d289a0c8c1ed4f57a423925d164",
    "https://deno.land/x/gesso@v0.1.2/src/Enrollments.ts": "9878abb56dc570d5f2042aa28a6cb34913b8e15bfd55084bfdc3c11901bb3862",
    "https://deno.land/x/gesso@v0.1.2/src/ErrorReports.ts": "4d6f865dc155f3c855b7efd7f29fba8b3ad4924c12a5d6dbffb5d2343e24aab1",
    "https://deno.land/x/gesso@v0.1.2/src/ExternalTools.ts": "3ea35d88a58a6fde32cc8d74e6b2d55e410c762242d35ba75031060e1596aa26",
    "https://deno.land/x/gesso@v0.1.2/src/Favorites.ts": "acf32b3b24fcda7acf7060b6db19066cb8b9bf1e2a1451a6fdf85a4c6bb957a7",
    "https://deno.land/x/gesso@v0.1.2/src/FeatureFlags.ts": "f2171cb85cb99aa338fb6525abe63133aba1913495da45fd549ba0680ceb2712",
    "https://deno.land/x/gesso@v0.1.2/src/Files.ts": "d982e02eeac4f72d4e31d4b55b480839e0267fd4ee192b35d9c0c0e77ed2e733",
    "https://deno.land/x/gesso@v0.1.2/src/GradeChangeLog.ts": "65f5948b0ef9a31ac241a6e6035c174cd2b1052579673a0f53dbc72f6c8ae788",
    "https://deno.land/x/gesso@v0.1.2/src/GradebookHistory.ts": "4e3b7e1881e6eb171708126267340470272944f7bc0cd6441a856b8c653d86ba",
    "https://deno.land/x/gesso@v0.1.2/src/GradingPeriodSets.ts": "ef669f021ae239e00f29674544c335b401fec88758678fdff06dd452f142e5db",
    "https://deno.land/x/gesso@v0.1.2/src/GradingPeriods.ts": "0cb7694954c46a5cc313c9aacacef9dc5373a61909cab824fc0be8e7cf762ee7",
    "https://deno.land/x/gesso@v0.1.2/src/GradingStandards.ts": "22c0c169806bcae223bb174a89d4514f801b731948948631e8254e9259eecd53",
    "https://deno.land/x/gesso@v0.1.2/src/GroupCategories.ts": "48bf33ff5eee9db407ee1447d29c50bfeed5d19a391261952536fdb200fe3069",
    "https://deno.land/x/gesso@v0.1.2/src/Groups.ts": "bf967c26041fb9f18f910749bc17e197cc13460b2fa2a3847e05033825bd4ab2",
    "https://deno.land/x/gesso@v0.1.2/src/History.ts": "2a0811e30ea6ededd4cfe5c1a30b1e5deee2789c4afcf828f5587b836a322a6a",
    "https://deno.land/x/gesso@v0.1.2/src/ImageSearch.ts": "ba4a38c70f1b2fd41e8efb25ca2e2e4b4e63b158073feeeabbfc03d940a07152",
    "https://deno.land/x/gesso@v0.1.2/src/ImmersiveReader.ts": "935d16809eecd55e7ce6feaa8b40f38661feca0223e84283fe7bc56ba2a56e8a",
    "https://deno.land/x/gesso@v0.1.2/src/InstAccesstokens.ts": "1b4303afb90884c24990a5fd75fa0a301cf0db201f62525af62e776e7f1f7040",
    "https://deno.land/x/gesso@v0.1.2/src/JWTs.ts": "10639210cb30efc584ebd31dae5f2b76767a3ad96c9e03b9493ec1464b64df0f",
    "https://deno.land/x/gesso@v0.1.2/src/LatePolicy.ts": "74194cb7b2a5332097a197a787ad88fed720aff8989a1c1bd96648b47aa1a589",
    "https://deno.land/x/gesso@v0.1.2/src/LineItems.ts": "2463da3c539273cf9a2c01a61301d6b9badd7da969099cec3f3eb84127f31cb3",
    "https://deno.land/x/gesso@v0.1.2/src/LiveAssessments.ts": "279155ada2535b372fa7b90ec96d23d2e3a696c435dd8e7ec449a0c9f4164be3",
    "https://deno.land/x/gesso@v0.1.2/src/Logins.ts": "7d9a24df6bf6ecdb9312548458f648100ebfb467d9c1c80d99d7c864c2381de1",
    "https://deno.land/x/gesso@v0.1.2/src/MediaObjects.ts": "af4c63982a64a4eb264fb269ad745e8a7dc5df4848cbc8a14ac3adfef1594370",
    "https://deno.land/x/gesso@v0.1.2/src/ModeratedGrading.ts": "f9336688c11b20f92cfd9c7bdef524211be549b861c138835d87c42532f0da9b",
    "https://deno.land/x/gesso@v0.1.2/src/Modules.ts": "bac32c132e27b2b37180756cec0069ab51d024cef278e7c76e9917b68a9aabbb",
    "https://deno.land/x/gesso@v0.1.2/src/NamesandRole.ts": "92b42f96d1f3f9be9606de20abb577b407146e2d2a33195fe7e2c6e98bb48921",
    "https://deno.land/x/gesso@v0.1.2/src/NoWorkClass.ts": "dc39d07a6193713d5a8a307c6f0d568ca6b23ffcbb8a3043ed5484ccfdc8707e",
    "https://deno.land/x/gesso@v0.1.2/src/NotificationPreferences.ts": "bb5c28b81578f90873fec42a8b94807833b7657c7942c5a9a54867c1b4aa4ab1",
    "https://deno.land/x/gesso@v0.1.2/src/OriginalityReports.ts": "34a6ea851bae398b2b8223978726b53ad2ab84df0b6876845fc2278bdf471158",
    "https://deno.land/x/gesso@v0.1.2/src/OutcomeGroups.ts": "d71264cc1876e56a9f12ec275dc61be3c532caba1dd1940b2f717bb661182648",
    "https://deno.land/x/gesso@v0.1.2/src/OutcomeImports.ts": "7c6dbfc85335b4725fa4235ca1ca10246f8ef939cdbdbf238a28832e9ac2887d",
    "https://deno.land/x/gesso@v0.1.2/src/OutcomeResults.ts": "8e58fbbce59a409a8fb8f6729e91298d03ab02e9564946e1a21d45e729ead6ba",
    "https://deno.land/x/gesso@v0.1.2/src/Outcomes.ts": "e29c5fe1ef902fe036ae8ea077823c1a297247c6aeed4d2456b331f568df2a99",
    "https://deno.land/x/gesso@v0.1.2/src/Pages.ts": "bc550fd68e86cbb26c8de0828647b1a4f5dd71e692ab375ca978d763e5882036",
    "https://deno.land/x/gesso@v0.1.2/src/PeerReviews.ts": "ab753a98bee7e2c01d94a2b0060746125511917eb476072a7dc23c7ac83a89be",
    "https://deno.land/x/gesso@v0.1.2/src/PlagiarismDetectionPlatformAssignments.ts": "22e39102f36d3941094a3ea8ad67628a0d8cac400d39ef21f3ca9678e4bef7a5",
    "https://deno.land/x/gesso@v0.1.2/src/PlagiarismDetectionPlatformUsers.ts": "fd0204cbb12ebf1bfeb91224bdeb660dc204886377442b60254cb95c6c10b358",
    "https://deno.land/x/gesso@v0.1.2/src/PlagiarismDetectionSubmissions.ts": "2d6d7ef91b21d4346c63f1212a162133eee91e7c73e46ef920e87daeec43842d",
    "https://deno.land/x/gesso@v0.1.2/src/Planner.ts": "aab7649b282de0d9922e3323d9aa8999be3e1919858abe73d39a19c154fdca1d",
    "https://deno.land/x/gesso@v0.1.2/src/PollChoices.ts": "bfba785089a2f0931343cdaf3ec1003a7cdb1256453ac36c624fe136c686e409",
    "https://deno.land/x/gesso@v0.1.2/src/PollSessions.ts": "2fbf64bdc54ff949f301c303b89ea24b42eb32ae36410eba4a484ff552a68e4c",
    "https://deno.land/x/gesso@v0.1.2/src/PollSubmissions.ts": "49baae7556e51bd9992089d216bc34d098e130ddc4eb1949362c4fb180e3afc4",
    "https://deno.land/x/gesso@v0.1.2/src/Polls.ts": "bb95bffdbb42d079df75d2f62e5ae1c9ded2d51525789c6a3c0fa15e2bec8dce",
    "https://deno.land/x/gesso@v0.1.2/src/ProficiencyRatings.ts": "f66865ceb91ec0b8a8cc9ed71956dab0b03ff438a636365db6c562de25344504",
    "https://deno.land/x/gesso@v0.1.2/src/Progress.ts": "7e739d19ce3c16d671797d7f2717a3eaafb0b74be197a9e81cb8ef9ed5d1a2ff",
    "https://deno.land/x/gesso@v0.1.2/src/PublicJWK.ts": "53ea7c3676bdee109023a2c53073379380b3c723c30c270098f4921f67ae9369",
    "https://deno.land/x/gesso@v0.1.2/src/QuizAssignmentOverrides.ts": "fb49084de3ef0a84b457d74dc7e4d25f47e7836ca8ba9968130facfa9b8d21db",
    "https://deno.land/x/gesso@v0.1.2/src/QuizExtensions.ts": "9db84acb6620d86366d3678bfb51e59aa3f209c695b7c2630a1e03c7b971c654",
    "https://deno.land/x/gesso@v0.1.2/src/QuizIPFilters.ts": "d244b39d7cb53d85a519c4eae917e1374f0f92b77b04742c921d71dd4c01d975",
    "https://deno.land/x/gesso@v0.1.2/src/QuizQuestionGroups.ts": "0e3b673532a1960a26fa2c43f7c98635534fb880a956810d7c6820760b51373a",
    "https://deno.land/x/gesso@v0.1.2/src/QuizQuestions.ts": "dd68a079e6e6ec21db475ef991e95b76b7a24260eaad8e163d2cae444440d8a5",
    "https://deno.land/x/gesso@v0.1.2/src/QuizReports.ts": "92289a5531701e725df4e671dda4f2aaeeb982846a8143f42e50efbe6c71cff5",
    "https://deno.land/x/gesso@v0.1.2/src/QuizStatistics.ts": "a6d4074b0afa10d5fc07e86a75caaa6028233d995db121c4bc2fbfcb83eca35a",
    "https://deno.land/x/gesso@v0.1.2/src/QuizSubmissionEvents.ts": "196412b39897746bbbdb6a89b3182720575ad2053302ba88c68537f479960bc0",
    "https://deno.land/x/gesso@v0.1.2/src/QuizSubmissionFiles.ts": "9a14c7db496e597a8d2950d3964b21c9a6b0cc44d3308ae75a122c6787e0f92c",
    "https://deno.land/x/gesso@v0.1.2/src/QuizSubmissionQuestions.ts": "f2949f519d52fd16c285e8ffdd6c22e229d8f305a26a3b9fd0a8a65358e909ae",
    "https://deno.land/x/gesso@v0.1.2/src/QuizSubmissionUserList.ts": "a724d1d9eafca4490fca7b7ebfae40ffa3ad5fb5a0eb51173ac7b745e577952f",
    "https://deno.land/x/gesso@v0.1.2/src/QuizSubmissions.ts": "3d21a90343832167a5ada305b9c71193775361185a02ed32a76682b3d28b7324",
    "https://deno.land/x/gesso@v0.1.2/src/Quizzes.ts": "925c2bd83ad1815802064bdb8840ddee77a82bbf513d44d1fac3ff152d1f6366",
    "https://deno.land/x/gesso@v0.1.2/src/Result.ts": "3c2dbb5edba587d80bbb1d8a863a11d919178b049e4b22f5e62b202eaad475fd",
    "https://deno.land/x/gesso@v0.1.2/src/Roles.ts": "ccc89deccb47730c1e8a789b379f307a061469ec795df5e8ab384fde3fc5b634",
    "https://deno.land/x/gesso@v0.1.2/src/Rubrics.ts": "1443cedefbd7645b877a90383f9cfddeba14a2d5547fd7b2cff40dd5eb2c6691",
    "https://deno.land/x/gesso@v0.1.2/src/SISImportErrors.ts": "d477d84f24a224b09a86fa1e737977c35b01ff79e1623cbc62a89c04340a8da1",
    "https://deno.land/x/gesso@v0.1.2/src/SISImports.ts": "716ced3bcd1e6998049e20f0ffa06ec374459e3819d16a44279fdd992bdbb19d",
    "https://deno.land/x/gesso@v0.1.2/src/SISIntegration.ts": "a0d9389f9623ce6271a979070e734dad1e1220117584d85a2cc6e539a71ed14a",
    "https://deno.land/x/gesso@v0.1.2/src/Score.ts": "eb1b45ca462f335c04eaefcd80d2e547cef8dab630ff0a0b87498641afb0a964",
    "https://deno.land/x/gesso@v0.1.2/src/Search.ts": "c2eb71156645772d461f74948619351eb88e6583f0c306b96aa8db3ac47ddb94",
    "https://deno.land/x/gesso@v0.1.2/src/Sections.ts": "62819850a2519571af6df220f1d16bb05372e904f9524c6304dc1dc47a5c20ee",
    "https://deno.land/x/gesso@v0.1.2/src/Services.ts": "80e831658ce3222096090d28e3cecd47c4970baf79fac07459782aa58bf65de2",
    "https://deno.land/x/gesso@v0.1.2/src/SharedBrandConfigs.ts": "0c8adb540aaa5fe8fb725468cc9b7f083b2fbaa0262602b1001a9c7150491903",
    "https://deno.land/x/gesso@v0.1.2/src/SubmissionComments.ts": "0f8b4200fd9a60d824f5579124529c74dce11b98fb1cd38126886498303a5717",
    "https://deno.land/x/gesso@v0.1.2/src/Submissions.ts": "cbba275ad1ad8c56727cb1d6583b97d3eb7b073303c5e1c0e84699854672e9ec",
    "https://deno.land/x/gesso@v0.1.2/src/Tabs.ts": "d1df3d87c27d6f64d9575af51a40c0d9e2c781bc0e1f1841545cfd86761b3002",
    "https://deno.land/x/gesso@v0.1.2/src/TokenScopes.ts": "1a00fa9cd584095d3ab9f5562cd72a877fb324a8ccb976f290770b026084b461",
    "https://deno.land/x/gesso@v0.1.2/src/UserObservees.ts": "386bd93297739f3ba2119288b8da4e51e4ffa1b403c81a57ddeb0c5b383c407f",
    "https://deno.land/x/gesso@v0.1.2/src/Users.ts": "4d93d4dc8215f7c2c9170fe021f704a5a653f9ac22f0428c06868adcdc0e2739",
    "https://deno.land/x/gesso@v0.1.2/src/WebhooksSubscriptionsforPlagiarismPlatform.ts": "8b1290288582cbe27393cac73020bd8d3ca9283cb14afd3987a61c7bc025da6d",
    "https://deno.land/x/gesso@v0.1.2/src/ePortfolios.ts": "f4e821350ce68ef8aab20b10dc932c56a67a4194a124b73bd98b82a13d081e79",
    "https://deno.land/x/gesso@v0.1.2/src/ePubExports.ts": "f64fe4049c396fd687ab60750b7625d44c9c25ea23c2015985f21db5fb2ac588",
    "https://deno.land/x/gesso@v0.1.2/src/mod.ts": "94b5e1f250f30d70cc12d0523dfb5bec7795b3ebef46ea93940ff3e87114b355",
    "https://deno.land/x/gesso@v0.1.2/types/models.ts": "db6d43a141d36a38e66665f3f392e47d7f8ac840f2cc25a70011aac94a66b0e4",
    "https://deno.land/x/gesso@v0.1.2/types/params.ts": "36a2838781fff75837f7fba2b55897a2a88e9afee93ec8aad2a5078b3b12eb84"
  }
}
